
Microsoft Visual Studio Solution File, Format Version 12.00
# Visual Studio 15
VisualStudioVersion = 15.0.28307.168
MinimumVisualStudioVersion = 10.0.40219.1
Project("{FAE04EC0-301F-11D3-BF4B-00C04F79EFBC}") = "RandomCSVGenerator", "RandomCSVGenerator\RandomCSVGenerator.csproj", "{FE104C96-3C4C-4474-8DC4-29521F937024}"
EndProject
Project("{FAE04EC0-301F-11D3-BF4B-00C04F79EFBC}") = "TestID", "TestID\TestID.csproj", "{15E0B950-9756-4837-837E-565B971A0A78}"
EndProject
Global
	GlobalSection(SolutionConfigurationPlatforms) = preSolution
		Debug|Any CPU = Debug|Any CPU
		Release|Any CPU = Release|Any CPU
	EndGlobalSection
	GlobalSection(ProjectConfigurationPlatforms) = postSolution
		{FE104C96-3C4C-4474-8DC4-29521F937024}.Debug|Any CPU.ActiveCfg = Debug|Any CPU
		{FE104C96-3C4C-4474-8DC4-29521F937024}.Debug|Any CPU.Build.0 = Debug|Any CPU
		{FE104C96-3C4C-4474-8DC4-29521F937024}.Release|Any CPU.ActiveCfg = Release|Any CPU
		{FE104C96-3C4C-4474-8DC4-29521F937024}.Release|Any CPU.Build.0 = Release|Any CPU
		{15E0B950-9756-4837-837E-565B971A0A78}.Debug|Any CPU.ActiveCfg = Debug|Any CPU
		{15E0B950-9756-4837-837E-565B971A0A78}.Debug|Any CPU.Build.0 = Debug|Any CPU
		{15E0B950-9756-4837-837E-565B971A0A78}.Release|Any CPU.ActiveCfg = Release|Any CPU
		{15E0B950-9756-4837-837E-565B971A0A78}.Release|Any CPU.Build.0 = Release|Any CPU
	EndGlobalSection
	GlobalSection(SolutionProperties) = preSolution
		HideSolutionNode = FALSE
	EndGlobalSection
	GlobalSection(ExtensibilityGlobals) = postSolution
		SolutionGuid = {9B15CA07-9E3F-4521-B32A-F9B1DFF5F100}
	EndGlobalSection
EndGlobal
